// !$*UTF8*$!
{
	archiveVersion = 1;
	classes = {
	};
	objectVersion = 56;
	objects = {

/* Begin PBXBuildFile section */
		FCEA91872921ACDF0079463F /* AppDelegate.swift in Sources */ = {isa = PBXBuildFile; fileRef = FCEA91862921ACDF0079463F /* AppDelegate.swift */; };
		FCEA91892921ACDF0079463F /* SceneDelegate.swift in Sources */ = {isa = PBXBuildFile; fileRef = FCEA91882921ACDF0079463F /* SceneDelegate.swift */; };
		FCEA91902921ACE80079463F /* Assets.xcassets in Resources */ = {isa = PBXBuildFile; fileRef = FCEA918F2921ACE80079463F /* Assets.xcassets */; };
		FCEA91932921ACE80079463F /* LaunchScreen.storyboard in Resources */ = {isa = PBXBuildFile; fileRef = FCEA91912921ACE80079463F /* LaunchScreen.storyboard */; };
		FCEA919E2921ACE90079463F /* BookStore_AdrielFreireTests.swift in Sources */ = {isa = PBXBuildFile; fileRef = FCEA919D2921ACE90079463F /* BookStore_AdrielFreireTests.swift */; };
		FCEA91A82921ACE90079463F /* BookStore_AdrielFreireUITests.swift in Sources */ = {isa = PBXBuildFile; fileRef = FCEA91A72921ACE90079463F /* BookStore_AdrielFreireUITests.swift */; };
		FCEA91AA2921ACE90079463F /* BookStore_AdrielFreireUITestsLaunchTests.swift in Sources */ = {isa = PBXBuildFile; fileRef = FCEA91A92921ACE90079463F /* BookStore_AdrielFreireUITestsLaunchTests.swift */; };
		FCEA91BA2921AF970079463F /* NetworkProvider.swift in Sources */ = {isa = PBXBuildFile; fileRef = FCEA91B92921AF970079463F /* NetworkProvider.swift */; };
		FCEA91BC2921AFBE0079463F /* Cancellable.swift in Sources */ = {isa = PBXBuildFile; fileRef = FCEA91BB2921AFBE0079463F /* Cancellable.swift */; };
		FCEA91C02921B0120079463F /* URLSessionDataTask+Cancellable.swift in Sources */ = {isa = PBXBuildFile; fileRef = FCEA91BF2921B0120079463F /* URLSessionDataTask+Cancellable.swift */; };
		FCEA91C22921B02F0079463F /* RequestType.swift in Sources */ = {isa = PBXBuildFile; fileRef = FCEA91C12921B02F0079463F /* RequestType.swift */; };
		FCEA91C42921B0480079463F /* NetworkService.swift in Sources */ = {isa = PBXBuildFile; fileRef = FCEA91C32921B0480079463F /* NetworkService.swift */; };
		FCEA91C62921B0C20079463F /* DefaultNetworkProvider.swift in Sources */ = {isa = PBXBuildFile; fileRef = FCEA91C52921B0C20079463F /* DefaultNetworkProvider.swift */; };
		FCEA91C82921B24C0079463F /* BookAPIService.swift in Sources */ = {isa = PBXBuildFile; fileRef = FCEA91C72921B24C0079463F /* BookAPIService.swift */; };
		FCEA91CC2921B91B0079463F /* BookModel.swift in Sources */ = {isa = PBXBuildFile; fileRef = FCEA91CB2921B91B0079463F /* BookModel.swift */; };
		FCEA91D02921CD210079463F /* HomeViewController.swift in Sources */ = {isa = PBXBuildFile; fileRef = FCEA91CE2921CD200079463F /* HomeViewController.swift */; };
		FCEA91D12921CD210079463F /* HomeViewController.xib in Resources */ = {isa = PBXBuildFile; fileRef = FCEA91CF2921CD200079463F /* HomeViewController.xib */; };
		FCEA91D52921CD8D0079463F /* Coordinator.swift in Sources */ = {isa = PBXBuildFile; fileRef = FCEA91D42921CD8D0079463F /* Coordinator.swift */; };
		FCEA91D72921CDED0079463F /* MainCoordinator.swift in Sources */ = {isa = PBXBuildFile; fileRef = FCEA91D62921CDED0079463F /* MainCoordinator.swift */; };
		FCEA91DA2921CE790079463F /* HomeViewModel.swift in Sources */ = {isa = PBXBuildFile; fileRef = FCEA91D92921CE790079463F /* HomeViewModel.swift */; };
		FCEA91DE29231A5A0079463F /* UICollectionView+Cells.swift in Sources */ = {isa = PBXBuildFile; fileRef = FCEA91DD29231A5A0079463F /* UICollectionView+Cells.swift */; };
		FCEA91E229231AB60079463F /* BookCollectionViewCell.swift in Sources */ = {isa = PBXBuildFile; fileRef = FCEA91E029231AB60079463F /* BookCollectionViewCell.swift */; };
		FCEA91E329231AB60079463F /* BookCollectionViewCell.xib in Resources */ = {isa = PBXBuildFile; fileRef = FCEA91E129231AB60079463F /* BookCollectionViewCell.xib */; };
		FCEA91E629231CE20079463F /* Kingfisher in Frameworks */ = {isa = PBXBuildFile; productRef = FCEA91E529231CE20079463F /* Kingfisher */; };
/* End PBXBuildFile section */

/* Begin PBXContainerItemProxy section */
		FCEA919A2921ACE90079463F /* PBXContainerItemProxy */ = {
			isa = PBXContainerItemProxy;
			containerPortal = FCEA917B2921ACDF0079463F /* Project object */;
			proxyType = 1;
			remoteGlobalIDString = FCEA91822921ACDF0079463F;
			remoteInfo = BookStore_AdrielFreire;
		};
		FCEA91A42921ACE90079463F /* PBXContainerItemProxy */ = {
			isa = PBXContainerItemProxy;
			containerPortal = FCEA917B2921ACDF0079463F /* Project object */;
			proxyType = 1;
			remoteGlobalIDString = FCEA91822921ACDF0079463F;
			remoteInfo = BookStore_AdrielFreire;
		};
/* End PBXContainerItemProxy section */

/* Begin PBXFileReference section */
		FCEA91832921ACDF0079463F /* BookStore_AdrielFreire.app */ = {isa = PBXFileReference; explicitFileType = wrapper.application; includeInIndex = 0; path = BookStore_AdrielFreire.app; sourceTree = BUILT_PRODUCTS_DIR; };
		FCEA91862921ACDF0079463F /* AppDelegate.swift */ = {isa = PBXFileReference; lastKnownFileType = sourcecode.swift; path = AppDelegate.swift; sourceTree = "<group>"; };
		FCEA91882921ACDF0079463F /* SceneDelegate.swift */ = {isa = PBXFileReference; lastKnownFileType = sourcecode.swift; path = SceneDelegate.swift; sourceTree = "<group>"; };
		FCEA918F2921ACE80079463F /* Assets.xcassets */ = {isa = PBXFileReference; lastKnownFileType = folder.assetcatalog; path = Assets.xcassets; sourceTree = "<group>"; };
		FCEA91922921ACE80079463F /* Base */ = {isa = PBXFileReference; lastKnownFileType = file.storyboard; name = Base; path = Base.lproj/LaunchScreen.storyboard; sourceTree = "<group>"; };
		FCEA91942921ACE80079463F /* Info.plist */ = {isa = PBXFileReference; lastKnownFileType = text.plist.xml; path = Info.plist; sourceTree = "<group>"; };
		FCEA91992921ACE90079463F /* BookStore_AdrielFreireTests.xctest */ = {isa = PBXFileReference; explicitFileType = wrapper.cfbundle; includeInIndex = 0; path = BookStore_AdrielFreireTests.xctest; sourceTree = BUILT_PRODUCTS_DIR; };
		FCEA919D2921ACE90079463F /* BookStore_AdrielFreireTests.swift */ = {isa = PBXFileReference; lastKnownFileType = sourcecode.swift; path = BookStore_AdrielFreireTests.swift; sourceTree = "<group>"; };
		FCEA91A32921ACE90079463F /* BookStore_AdrielFreireUITests.xctest */ = {isa = PBXFileReference; explicitFileType = wrapper.cfbundle; includeInIndex = 0; path = BookStore_AdrielFreireUITests.xctest; sourceTree = BUILT_PRODUCTS_DIR; };
		FCEA91A72921ACE90079463F /* BookStore_AdrielFreireUITests.swift */ = {isa = PBXFileReference; lastKnownFileType = sourcecode.swift; path = BookStore_AdrielFreireUITests.swift; sourceTree = "<group>"; };
		FCEA91A92921ACE90079463F /* BookStore_AdrielFreireUITestsLaunchTests.swift */ = {isa = PBXFileReference; lastKnownFileType = sourcecode.swift; path = BookStore_AdrielFreireUITestsLaunchTests.swift; sourceTree = "<group>"; };
		FCEA91B92921AF970079463F /* NetworkProvider.swift */ = {isa = PBXFileReference; lastKnownFileType = sourcecode.swift; path = NetworkProvider.swift; sourceTree = "<group>"; };
		FCEA91BB2921AFBE0079463F /* Cancellable.swift */ = {isa = PBXFileReference; lastKnownFileType = sourcecode.swift; path = Cancellable.swift; sourceTree = "<group>"; };
		FCEA91BF2921B0120079463F /* URLSessionDataTask+Cancellable.swift */ = {isa = PBXFileReference; lastKnownFileType = sourcecode.swift; path = "URLSessionDataTask+Cancellable.swift"; sourceTree = "<group>"; };
		FCEA91C12921B02F0079463F /* RequestType.swift */ = {isa = PBXFileReference; lastKnownFileType = sourcecode.swift; path = RequestType.swift; sourceTree = "<group>"; };
		FCEA91C32921B0480079463F /* NetworkService.swift */ = {isa = PBXFileReference; lastKnownFileType = sourcecode.swift; path = NetworkService.swift; sourceTree = "<group>"; };
		FCEA91C52921B0C20079463F /* DefaultNetworkProvider.swift */ = {isa = PBXFileReference; lastKnownFileType = sourcecode.swift; path = DefaultNetworkProvider.swift; sourceTree = "<group>"; };
		FCEA91C72921B24C0079463F /* BookAPIService.swift */ = {isa = PBXFileReference; lastKnownFileType = sourcecode.swift; path = BookAPIService.swift; sourceTree = "<group>"; };
		FCEA91CB2921B91B0079463F /* BookModel.swift */ = {isa = PBXFileReference; lastKnownFileType = sourcecode.swift; path = BookModel.swift; sourceTree = "<group>"; };
		FCEA91CE2921CD200079463F /* HomeViewController.swift */ = {isa = PBXFileReference; lastKnownFileType = sourcecode.swift; path = HomeViewController.swift; sourceTree = "<group>"; };
		FCEA91CF2921CD200079463F /* HomeViewController.xib */ = {isa = PBXFileReference; lastKnownFileType = file.xib; path = HomeViewController.xib; sourceTree = "<group>"; };
		FCEA91D42921CD8D0079463F /* Coordinator.swift */ = {isa = PBXFileReference; lastKnownFileType = sourcecode.swift; path = Coordinator.swift; sourceTree = "<group>"; };
		FCEA91D62921CDED0079463F /* MainCoordinator.swift */ = {isa = PBXFileReference; lastKnownFileType = sourcecode.swift; path = MainCoordinator.swift; sourceTree = "<group>"; };
		FCEA91D92921CE790079463F /* HomeViewModel.swift */ = {isa = PBXFileReference; lastKnownFileType = sourcecode.swift; path = HomeViewModel.swift; sourceTree = "<group>"; };
		FCEA91DD29231A5A0079463F /* UICollectionView+Cells.swift */ = {isa = PBXFileReference; lastKnownFileType = sourcecode.swift; path = "UICollectionView+Cells.swift"; sourceTree = "<group>"; };
		FCEA91E029231AB60079463F /* BookCollectionViewCell.swift */ = {isa = PBXFileReference; lastKnownFileType = sourcecode.swift; path = BookCollectionViewCell.swift; sourceTree = "<group>"; };
		FCEA91E129231AB60079463F /* BookCollectionViewCell.xib */ = {isa = PBXFileReference; lastKnownFileType = file.xib; path = BookCollectionViewCell.xib; sourceTree = "<group>"; };
/* End PBXFileReference section */

/* Begin PBXFrameworksBuildPhase section */
		FCEA91802921ACDF0079463F /* Frameworks */ = {
			isa = PBXFrameworksBuildPhase;
			buildActionMask = 2147483647;
			files = (
				FCEA91E629231CE20079463F /* Kingfisher in Frameworks */,
			);
			runOnlyForDeploymentPostprocessing = 0;
		};
		FCEA91962921ACE90079463F /* Frameworks */ = {
			isa = PBXFrameworksBuildPhase;
			buildActionMask = 2147483647;
			files = (
			);
			runOnlyForDeploymentPostprocessing = 0;
		};
		FCEA91A02921ACE90079463F /* Frameworks */ = {
			isa = PBXFrameworksBuildPhase;
			buildActionMask = 2147483647;
			files = (
			);
			runOnlyForDeploymentPostprocessing = 0;
		};
/* End PBXFrameworksBuildPhase section */

/* Begin PBXGroup section */
		FCEA917A2921ACDF0079463F = {
			isa = PBXGroup;
			children = (
				FCEA91852921ACDF0079463F /* BookStore_AdrielFreire */,
				FCEA919C2921ACE90079463F /* BookStore_AdrielFreireTests */,
				FCEA91A62921ACE90079463F /* BookStore_AdrielFreireUITests */,
				FCEA91842921ACDF0079463F /* Products */,
			);
			sourceTree = "<group>";
		};
		FCEA91842921ACDF0079463F /* Products */ = {
			isa = PBXGroup;
			children = (
				FCEA91832921ACDF0079463F /* BookStore_AdrielFreire.app */,
				FCEA91992921ACE90079463F /* BookStore_AdrielFreireTests.xctest */,
				FCEA91A32921ACE90079463F /* BookStore_AdrielFreireUITests.xctest */,
			);
			name = Products;
			sourceTree = "<group>";
		};
		FCEA91852921ACDF0079463F /* BookStore_AdrielFreire */ = {
			isa = PBXGroup;
			children = (
				FCEA91DB2921CEE10079463F /* Commons */,
				FCEA91D32921CD630079463F /* Coordinators */,
				FCEA91CD2921CCE60079463F /* Home */,
				FCEA91CA2921B90A0079463F /* Models */,
				FCEA91B62921AF0F0079463F /* Network */,
				FCEA918F2921ACE80079463F /* Assets.xcassets */,
				FCEA91912921ACE80079463F /* LaunchScreen.storyboard */,
				FCEA91942921ACE80079463F /* Info.plist */,
			);
			path = BookStore_AdrielFreire;
			sourceTree = "<group>";
		};
		FCEA919C2921ACE90079463F /* BookStore_AdrielFreireTests */ = {
			isa = PBXGroup;
			children = (
				FCEA919D2921ACE90079463F /* BookStore_AdrielFreireTests.swift */,
			);
			path = BookStore_AdrielFreireTests;
			sourceTree = "<group>";
		};
		FCEA91A62921ACE90079463F /* BookStore_AdrielFreireUITests */ = {
			isa = PBXGroup;
			children = (
				FCEA91A72921ACE90079463F /* BookStore_AdrielFreireUITests.swift */,
				FCEA91A92921ACE90079463F /* BookStore_AdrielFreireUITestsLaunchTests.swift */,
			);
			path = BookStore_AdrielFreireUITests;
			sourceTree = "<group>";
		};
		FCEA91B62921AF0F0079463F /* Network */ = {
			isa = PBXGroup;
			children = (
				FCEA91BD2921AFDE0079463F /* NetworkService */,
				FCEA91B72921AF700079463F /* NetworkProvider */,
			);
			path = Network;
			sourceTree = "<group>";
		};
		FCEA91B72921AF700079463F /* NetworkProvider */ = {
			isa = PBXGroup;
			children = (
				FCEA91BE2921AFFA0079463F /* Extensions */,
				FCEA91B82921AF820079463F /* Protocols */,
				FCEA91C52921B0C20079463F /* DefaultNetworkProvider.swift */,
			);
			path = NetworkProvider;
			sourceTree = "<group>";
		};
		FCEA91B82921AF820079463F /* Protocols */ = {
			isa = PBXGroup;
			children = (
				FCEA91B92921AF970079463F /* NetworkProvider.swift */,
				FCEA91BB2921AFBE0079463F /* Cancellable.swift */,
			);
			path = Protocols;
			sourceTree = "<group>";
		};
		FCEA91BD2921AFDE0079463F /* NetworkService */ = {
			isa = PBXGroup;
			children = (
				FCEA91C12921B02F0079463F /* RequestType.swift */,
				FCEA91C32921B0480079463F /* NetworkService.swift */,
				FCEA91C72921B24C0079463F /* BookAPIService.swift */,
			);
			path = NetworkService;
			sourceTree = "<group>";
		};
		FCEA91BE2921AFFA0079463F /* Extensions */ = {
			isa = PBXGroup;
			children = (
				FCEA91BF2921B0120079463F /* URLSessionDataTask+Cancellable.swift */,
			);
			path = Extensions;
			sourceTree = "<group>";
		};
		FCEA91CA2921B90A0079463F /* Models */ = {
			isa = PBXGroup;
			children = (
				FCEA91CB2921B91B0079463F /* BookModel.swift */,
			);
			path = Models;
			sourceTree = "<group>";
		};
		FCEA91CD2921CCE60079463F /* Home */ = {
			isa = PBXGroup;
			children = (
				FCEA91D82921CE500079463F /* ViewModel */,
				FCEA91D22921CD250079463F /* View */,
			);
			path = Home;
			sourceTree = "<group>";
		};
		FCEA91D22921CD250079463F /* View */ = {
			isa = PBXGroup;
			children = (
				FCEA91DF29231A890079463F /* Cells */,
				FCEA91CE2921CD200079463F /* HomeViewController.swift */,
				FCEA91CF2921CD200079463F /* HomeViewController.xib */,
			);
			path = View;
			sourceTree = "<group>";
		};
		FCEA91D32921CD630079463F /* Coordinators */ = {
			isa = PBXGroup;
			children = (
				FCEA91D42921CD8D0079463F /* Coordinator.swift */,
				FCEA91D62921CDED0079463F /* MainCoordinator.swift */,
			);
			path = Coordinators;
			sourceTree = "<group>";
		};
		FCEA91D82921CE500079463F /* ViewModel */ = {
			isa = PBXGroup;
			children = (
				FCEA91D92921CE790079463F /* HomeViewModel.swift */,
			);
			path = ViewModel;
			sourceTree = "<group>";
		};
		FCEA91DB2921CEE10079463F /* Commons */ = {
			isa = PBXGroup;
			children = (
				FCEA91DC29231A450079463F /* Extensions */,
				FCEA91862921ACDF0079463F /* AppDelegate.swift */,
				FCEA91882921ACDF0079463F /* SceneDelegate.swift */,
			);
			path = Commons;
			sourceTree = "<group>";
		};
		FCEA91DC29231A450079463F /* Extensions */ = {
			isa = PBXGroup;
			children = (
				FCEA91DD29231A5A0079463F /* UICollectionView+Cells.swift */,
			);
			path = Extensions;
			sourceTree = "<group>";
		};
		FCEA91DF29231A890079463F /* Cells */ = {
			isa = PBXGroup;
			children = (
				FCEA91E029231AB60079463F /* BookCollectionViewCell.swift */,
				FCEA91E129231AB60079463F /* BookCollectionViewCell.xib */,
			);
			path = Cells;
			sourceTree = "<group>";
		};
/* End PBXGroup section */

/* Begin PBXNativeTarget section */
		FCEA91822921ACDF0079463F /* BookStore_AdrielFreire */ = {
			isa = PBXNativeTarget;
			buildConfigurationList = FCEA91AD2921ACE90079463F /* Build configuration list for PBXNativeTarget "BookStore_AdrielFreire" */;
			buildPhases = (
				FCEA917F2921ACDF0079463F /* Sources */,
				FCEA91802921ACDF0079463F /* Frameworks */,
				FCEA91812921ACDF0079463F /* Resources */,
			);
			buildRules = (
			);
			dependencies = (
			);
			name = BookStore_AdrielFreire;
			packageProductDependencies = (
				FCEA91E529231CE20079463F /* Kingfisher */,
			);
			productName = BookStore_AdrielFreire;
			productReference = FCEA91832921ACDF0079463F /* BookStore_AdrielFreire.app */;
			productType = "com.apple.product-type.application";
		};
		FCEA91982921ACE90079463F /* BookStore_AdrielFreireTests */ = {
			isa = PBXNativeTarget;
			buildConfigurationList = FCEA91B02921ACE90079463F /* Build configuration list for PBXNativeTarget "BookStore_AdrielFreireTests" */;
			buildPhases = (
				FCEA91952921ACE90079463F /* Sources */,
				FCEA91962921ACE90079463F /* Frameworks */,
				FCEA91972921ACE90079463F /* Resources */,
			);
			buildRules = (
			);
			dependencies = (
				FCEA919B2921ACE90079463F /* PBXTargetDependency */,
			);
			name = BookStore_AdrielFreireTests;
			productName = BookStore_AdrielFreireTests;
			productReference = FCEA91992921ACE90079463F /* BookStore_AdrielFreireTests.xctest */;
			productType = "com.apple.product-type.bundle.unit-test";
		};
		FCEA91A22921ACE90079463F /* BookStore_AdrielFreireUITests */ = {
			isa = PBXNativeTarget;
			buildConfigurationList = FCEA91B32921ACE90079463F /* Build configuration list for PBXNativeTarget "BookStore_AdrielFreireUITests" */;
			buildPhases = (
				FCEA919F2921ACE90079463F /* Sources */,
				FCEA91A02921ACE90079463F /* Frameworks */,
				FCEA91A12921ACE90079463F /* Resources */,
			);
			buildRules = (
			);
			dependencies = (
				FCEA91A52921ACE90079463F /* PBXTargetDependency */,
			);
			name = BookStore_AdrielFreireUITests;
			productName = BookStore_AdrielFreireUITests;
			productReference = FCEA91A32921ACE90079463F /* BookStore_AdrielFreireUITests.xctest */;
			productType = "com.apple.product-type.bundle.ui-testing";
		};
/* End PBXNativeTarget section */

/* Begin PBXProject section */
		FCEA917B2921ACDF0079463F /* Project object */ = {
			isa = PBXProject;
			attributes = {
				BuildIndependentTargetsInParallel = 1;
				LastSwiftUpdateCheck = 1410;
				LastUpgradeCheck = 1410;
				TargetAttributes = {
					FCEA91822921ACDF0079463F = {
						CreatedOnToolsVersion = 14.1;
					};
					FCEA91982921ACE90079463F = {
						CreatedOnToolsVersion = 14.1;
						TestTargetID = FCEA91822921ACDF0079463F;
					};
					FCEA91A22921ACE90079463F = {
						CreatedOnToolsVersion = 14.1;
						TestTargetID = FCEA91822921ACDF0079463F;
					};
				};
			};
			buildConfigurationList = FCEA917E2921ACDF0079463F /* Build configuration list for PBXProject "BookStore_AdrielFreire" */;
			compatibilityVersion = "Xcode 14.0";
			developmentRegion = en;
			hasScannedForEncodings = 0;
			knownRegions = (
				en,
				Base,
			);
			mainGroup = FCEA917A2921ACDF0079463F;
			packageReferences = (
				FCEA91E429231CE10079463F /* XCRemoteSwiftPackageReference "Kingfisher" */,
			);
			productRefGroup = FCEA91842921ACDF0079463F /* Products */;
			projectDirPath = "";
			projectRoot = "";
			targets = (
				FCEA91822921ACDF0079463F /* BookStore_AdrielFreire */,
				FCEA91982921ACE90079463F /* BookStore_AdrielFreireTests */,
				FCEA91A22921ACE90079463F /* BookStore_AdrielFreireUITests */,
			);
		};
/* End PBXProject section */

/* Begin PBXResourcesBuildPhase section */
		FCEA91812921ACDF0079463F /* Resources */ = {
			isa = PBXResourcesBuildPhase;
			buildActionMask = 2147483647;
			files = (
				FCEA91932921ACE80079463F /* LaunchScreen.storyboard in Resources */,
				FCEA91E329231AB60079463F /* BookCollectionViewCell.xib in Resources */,
				FCEA91902921ACE80079463F /* Assets.xcassets in Resources */,
				FCEA91D12921CD210079463F /* HomeViewController.xib in Resources */,
			);
			runOnlyForDeploymentPostprocessing = 0;
		};
		FCEA91972921ACE90079463F /* Resources */ = {
			isa = PBXResourcesBuildPhase;
			buildActionMask = 2147483647;
			files = (
			);
			runOnlyForDeploymentPostprocessing = 0;
		};
		FCEA91A12921ACE90079463F /* Resources */ = {
			isa = PBXResourcesBuildPhase;
			buildActionMask = 2147483647;
			files = (
			);
			runOnlyForDeploymentPostprocessing = 0;
		};
/* End PBXResourcesBuildPhase section */

/* Begin PBXSourcesBuildPhase section */
		FCEA917F2921ACDF0079463F /* Sources */ = {
			isa = PBXSourcesBuildPhase;
			buildActionMask = 2147483647;
			files = (
				FCEA91C02921B0120079463F /* URLSessionDataTask+Cancellable.swift in Sources */,
				FCEA91D72921CDED0079463F /* MainCoordinator.swift in Sources */,
				FCEA91C82921B24C0079463F /* BookAPIService.swift in Sources */,
				FCEA91D52921CD8D0079463F /* Coordinator.swift in Sources */,
				FCEA91BC2921AFBE0079463F /* Cancellable.swift in Sources */,
				FCEA91C42921B0480079463F /* NetworkService.swift in Sources */,
				FCEA91CC2921B91B0079463F /* BookModel.swift in Sources */,
				FCEA91C62921B0C20079463F /* DefaultNetworkProvider.swift in Sources */,
				FCEA91C22921B02F0079463F /* RequestType.swift in Sources */,
				FCEA91E229231AB60079463F /* BookCollectionViewCell.swift in Sources */,
				FCEA91BA2921AF970079463F /* NetworkProvider.swift in Sources */,
				FCEA91DE29231A5A0079463F /* UICollectionView+Cells.swift in Sources */,
				FCEA91872921ACDF0079463F /* AppDelegate.swift in Sources */,
				FCEA91892921ACDF0079463F /* SceneDelegate.swift in Sources */,
				FCEA91DA2921CE790079463F /* HomeViewModel.swift in Sources */,
				FCEA91D02921CD210079463F /* HomeViewController.swift in Sources */,
			);
			runOnlyForDeploymentPostprocessing = 0;
		};
		FCEA91952921ACE90079463F /* Sources */ = {
			isa = PBXSourcesBuildPhase;
			buildActionMask = 2147483647;
			files = (
				FCEA919E2921ACE90079463F /* BookStore_AdrielFreireTests.swift in Sources */,
			);
			runOnlyForDeploymentPostprocessing = 0;
		};
		FCEA919F2921ACE90079463F /* Sources */ = {
			isa = PBXSourcesBuildPhase;
			buildActionMask = 2147483647;
			files = (
				FCEA91A82921ACE90079463F /* BookStore_AdrielFreireUITests.swift in Sources */,
				FCEA91AA2921ACE90079463F /* BookStore_AdrielFreireUITestsLaunchTests.swift in Sources */,
			);
			runOnlyForDeploymentPostprocessing = 0;
		};
/* End PBXSourcesBuildPhase section */

/* Begin PBXTargetDependency section */
		FCEA919B2921ACE90079463F /* PBXTargetDependency */ = {
			isa = PBXTargetDependency;
			target = FCEA91822921ACDF0079463F /* BookStore_AdrielFreire */;
			targetProxy = FCEA919A2921ACE90079463F /* PBXContainerItemProxy */;
		};
		FCEA91A52921ACE90079463F /* PBXTargetDependency */ = {
			isa = PBXTargetDependency;
			target = FCEA91822921ACDF0079463F /* BookStore_AdrielFreire */;
			targetProxy = FCEA91A42921ACE90079463F /* PBXContainerItemProxy */;
		};
/* End PBXTargetDependency section */

/* Begin PBXVariantGroup section */
		FCEA91912921ACE80079463F /* LaunchScreen.storyboard */ = {
			isa = PBXVariantGroup;
			children = (
				FCEA91922921ACE80079463F /* Base */,
			);
			name = LaunchScreen.storyboard;
			sourceTree = "<group>";
		};
/* End PBXVariantGroup section */

/* Begin XCBuildConfiguration section */
		FCEA91AB2921ACE90079463F /* Debug */ = {
			isa = XCBuildConfiguration;
			buildSettings = {
				ALWAYS_SEARCH_USER_PATHS = NO;
				CLANG_ANALYZER_NONNULL = YES;
				CLANG_ANALYZER_NUMBER_OBJECT_CONVERSION = YES_AGGRESSIVE;
				CLANG_CXX_LANGUAGE_STANDARD = "gnu++20";
				CLANG_ENABLE_MODULES = YES;
				CLANG_ENABLE_OBJC_ARC = YES;
				CLANG_ENABLE_OBJC_WEAK = YES;
				CLANG_WARN_BLOCK_CAPTURE_AUTORELEASING = YES;
				CLANG_WARN_BOOL_CONVERSION = YES;
				CLANG_WARN_COMMA = YES;
				CLANG_WARN_CONSTANT_CONVERSION = YES;
				CLANG_WARN_DEPRECATED_OBJC_IMPLEMENTATIONS = YES;
				CLANG_WARN_DIRECT_OBJC_ISA_USAGE = YES_ERROR;
				CLANG_WARN_DOCUMENTATION_COMMENTS = YES;
				CLANG_WARN_EMPTY_BODY = YES;
				CLANG_WARN_ENUM_CONVERSION = YES;
				CLANG_WARN_INFINITE_RECURSION = YES;
				CLANG_WARN_INT_CONVERSION = YES;
				CLANG_WARN_NON_LITERAL_NULL_CONVERSION = YES;
				CLANG_WARN_OBJC_IMPLICIT_RETAIN_SELF = YES;
				CLANG_WARN_OBJC_LITERAL_CONVERSION = YES;
				CLANG_WARN_OBJC_ROOT_CLASS = YES_ERROR;
				CLANG_WARN_QUOTED_INCLUDE_IN_FRAMEWORK_HEADER = YES;
				CLANG_WARN_RANGE_LOOP_ANALYSIS = YES;
				CLANG_WARN_STRICT_PROTOTYPES = YES;
				CLANG_WARN_SUSPICIOUS_MOVE = YES;
				CLANG_WARN_UNGUARDED_AVAILABILITY = YES_AGGRESSIVE;
				CLANG_WARN_UNREACHABLE_CODE = YES;
				CLANG_WARN__DUPLICATE_METHOD_MATCH = YES;
				COPY_PHASE_STRIP = NO;
				DEBUG_INFORMATION_FORMAT = dwarf;
				ENABLE_STRICT_OBJC_MSGSEND = YES;
				ENABLE_TESTABILITY = YES;
				GCC_C_LANGUAGE_STANDARD = gnu11;
				GCC_DYNAMIC_NO_PIC = NO;
				GCC_NO_COMMON_BLOCKS = YES;
				GCC_OPTIMIZATION_LEVEL = 0;
				GCC_PREPROCESSOR_DEFINITIONS = (
					"DEBUG=1",
					"$(inherited)",
				);
				GCC_WARN_64_TO_32_BIT_CONVERSION = YES;
				GCC_WARN_ABOUT_RETURN_TYPE = YES_ERROR;
				GCC_WARN_UNDECLARED_SELECTOR = YES;
				GCC_WARN_UNINITIALIZED_AUTOS = YES_AGGRESSIVE;
				GCC_WARN_UNUSED_FUNCTION = YES;
				GCC_WARN_UNUSED_VARIABLE = YES;
				IPHONEOS_DEPLOYMENT_TARGET = 16.1;
				MTL_ENABLE_DEBUG_INFO = INCLUDE_SOURCE;
				MTL_FAST_MATH = YES;
				ONLY_ACTIVE_ARCH = YES;
				SDKROOT = iphoneos;
				SWIFT_ACTIVE_COMPILATION_CONDITIONS = DEBUG;
				SWIFT_OPTIMIZATION_LEVEL = "-Onone";
			};
			name = Debug;
		};
		FCEA91AC2921ACE90079463F /* Release */ = {
			isa = XCBuildConfiguration;
			buildSettings = {
				ALWAYS_SEARCH_USER_PATHS = NO;
				CLANG_ANALYZER_NONNULL = YES;
				CLANG_ANALYZER_NUMBER_OBJECT_CONVERSION = YES_AGGRESSIVE;
				CLANG_CXX_LANGUAGE_STANDARD = "gnu++20";
				CLANG_ENABLE_MODULES = YES;
				CLANG_ENABLE_OBJC_ARC = YES;
				CLANG_ENABLE_OBJC_WEAK = YES;
				CLANG_WARN_BLOCK_CAPTURE_AUTORELEASING = YES;
				CLANG_WARN_BOOL_CONVERSION = YES;
				CLANG_WARN_COMMA = YES;
				CLANG_WARN_CONSTANT_CONVERSION = YES;
				CLANG_WARN_DEPRECATED_OBJC_IMPLEMENTATIONS = YES;
				CLANG_WARN_DIRECT_OBJC_ISA_USAGE = YES_ERROR;
				CLANG_WARN_DOCUMENTATION_COMMENTS = YES;
				CLANG_WARN_EMPTY_BODY = YES;
				CLANG_WARN_ENUM_CONVERSION = YES;
				CLANG_WARN_INFINITE_RECURSION = YES;
				CLANG_WARN_INT_CONVERSION = YES;
				CLANG_WARN_NON_LITERAL_NULL_CONVERSION = YES;
				CLANG_WARN_OBJC_IMPLICIT_RETAIN_SELF = YES;
				CLANG_WARN_OBJC_LITERAL_CONVERSION = YES;
				CLANG_WARN_OBJC_ROOT_CLASS = YES_ERROR;
				CLANG_WARN_QUOTED_INCLUDE_IN_FRAMEWORK_HEADER = YES;
				CLANG_WARN_RANGE_LOOP_ANALYSIS = YES;
				CLANG_WARN_STRICT_PROTOTYPES = YES;
				CLANG_WARN_SUSPICIOUS_MOVE = YES;
				CLANG_WARN_UNGUARDED_AVAILABILITY = YES_AGGRESSIVE;
				CLANG_WARN_UNREACHABLE_CODE = YES;
				CLANG_WARN__DUPLICATE_METHOD_MATCH = YES;
				COPY_PHASE_STRIP = NO;
				DEBUG_INFORMATION_FORMAT = "dwarf-with-dsym";
				ENABLE_NS_ASSERTIONS = NO;
				ENABLE_STRICT_OBJC_MSGSEND = YES;
				GCC_C_LANGUAGE_STANDARD = gnu11;
				GCC_NO_COMMON_BLOCKS = YES;
				GCC_WARN_64_TO_32_BIT_CONVERSION = YES;
				GCC_WARN_ABOUT_RETURN_TYPE = YES_ERROR;
				GCC_WARN_UNDECLARED_SELECTOR = YES;
				GCC_WARN_UNINITIALIZED_AUTOS = YES_AGGRESSIVE;
				GCC_WARN_UNUSED_FUNCTION = YES;
				GCC_WARN_UNUSED_VARIABLE = YES;
				IPHONEOS_DEPLOYMENT_TARGET = 16.1;
				MTL_ENABLE_DEBUG_INFO = NO;
				MTL_FAST_MATH = YES;
				SDKROOT = iphoneos;
				SWIFT_COMPILATION_MODE = wholemodule;
				SWIFT_OPTIMIZATION_LEVEL = "-O";
				VALIDATE_PRODUCT = YES;
			};
			name = Release;
		};
		FCEA91AE2921ACE90079463F /* Debug */ = {
			isa = XCBuildConfiguration;
			buildSettings = {
				ASSETCATALOG_COMPILER_APPICON_NAME = AppIcon;
				ASSETCATALOG_COMPILER_GLOBAL_ACCENT_COLOR_NAME = AccentColor;
				CODE_SIGN_STYLE = Automatic;
				CURRENT_PROJECT_VERSION = 1;
				DEVELOPMENT_TEAM = JGG8YW8SJU;
				GENERATE_INFOPLIST_FILE = YES;
				INFOPLIST_FILE = BookStore_AdrielFreire/Info.plist;
				INFOPLIST_KEY_UIApplicationSupportsIndirectInputEvents = YES;
				INFOPLIST_KEY_UILaunchStoryboardName = LaunchScreen;
				INFOPLIST_KEY_UIMainStoryboardFile = "";
				INFOPLIST_KEY_UISupportedInterfaceOrientations_iPad = "UIInterfaceOrientationPortrait UIInterfaceOrientationPortraitUpsideDown UIInterfaceOrientationLandscapeLeft UIInterfaceOrientationLandscapeRight";
				INFOPLIST_KEY_UISupportedInterfaceOrientations_iPhone = "UIInterfaceOrientationPortrait UIInterfaceOrientationLandscapeLeft UIInterfaceOrientationLandscapeRight";
				LD_RUNPATH_SEARCH_PATHS = (
					"$(inherited)",
					"@executable_path/Frameworks",
				);
				MARKETING_VERSION = 1.0;
				PRODUCT_BUNDLE_IDENTIFIER = "Adriel.BookStore-AdrielFreire";
				PRODUCT_NAME = "$(TARGET_NAME)";
				SWIFT_EMIT_LOC_STRINGS = YES;
				SWIFT_VERSION = 5.0;
				TARGETED_DEVICE_FAMILY = "1,2";
			};
			name = Debug;
		};
		FCEA91AF2921ACE90079463F /* Release */ = {
			isa = XCBuildConfiguration;
			buildSettings = {
				ASSETCATALOG_COMPILER_APPICON_NAME = AppIcon;
				ASSETCATALOG_COMPILER_GLOBAL_ACCENT_COLOR_NAME = AccentColor;
				CODE_SIGN_STYLE = Automatic;
				CURRENT_PROJECT_VERSION = 1;
				DEVELOPMENT_TEAM = JGG8YW8SJU;
				GENERATE_INFOPLIST_FILE = YES;
				INFOPLIST_FILE = BookStore_AdrielFreire/Info.plist;
				INFOPLIST_KEY_UIApplicationSupportsIndirectInputEvents = YES;
				INFOPLIST_KEY_UILaunchStoryboardName = LaunchScreen;
				INFOPLIST_KEY_UIMainStoryboardFile = "";
				INFOPLIST_KEY_UISupportedInterfaceOrientations_iPad = "UIInterfaceOrientationPortrait UIInterfaceOrientationPortraitUpsideDown UIInterfaceOrientationLandscapeLeft UIInterfaceOrientationLandscapeRight";
				INFOPLIST_KEY_UISupportedInterfaceOrientations_iPhone = "UIInterfaceOrientationPortrait UIInterfaceOrientationLandscapeLeft UIInterfaceOrientationLandscapeRight";
				LD_RUNPATH_SEARCH_PATHS = (
					"$(inherited)",
					"@executable_path/Frameworks",
				);
				MARKETING_VERSION = 1.0;
				PRODUCT_BUNDLE_IDENTIFIER = "Adriel.BookStore-AdrielFreire";
				PRODUCT_NAME = "$(TARGET_NAME)";
				SWIFT_EMIT_LOC_STRINGS = YES;
				SWIFT_VERSION = 5.0;
				TARGETED_DEVICE_FAMILY = "1,2";
			};
			name = Release;
		};
		FCEA91B12921ACE90079463F /* Debug */ = {
			isa = XCBuildConfiguration;
			buildSettings = {
				ALWAYS_EMBED_SWIFT_STANDARD_LIBRARIES = YES;
				BUNDLE_LOADER = "$(TEST_HOST)";
				CODE_SIGN_STYLE = Automatic;
				CURRENT_PROJECT_VERSION = 1;
				DEVELOPMENT_TEAM = JGG8YW8SJU;
				GENERATE_INFOPLIST_FILE = YES;
				IPHONEOS_DEPLOYMENT_TARGET = 16.1;
				MARKETING_VERSION = 1.0;
				PRODUCT_BUNDLE_IDENTIFIER = "Adriel.BookStore-AdrielFreireTests";
				PRODUCT_NAME = "$(TARGET_NAME)";
				SWIFT_EMIT_LOC_STRINGS = NO;
				SWIFT_VERSION = 5.0;
				TARGETED_DEVICE_FAMILY = "1,2";
				TEST_HOST = "$(BUILT_PRODUCTS_DIR)/BookStore_AdrielFreire.app/$(BUNDLE_EXECUTABLE_FOLDER_PATH)/BookStore_AdrielFreire";
			};
			name = Debug;
		};
		FCEA91B22921ACE90079463F /* Release */ = {
			isa = XCBuildConfiguration;
			buildSettings = {
				ALWAYS_EMBED_SWIFT_STANDARD_LIBRARIES = YES;
				BUNDLE_LOADER = "$(TEST_HOST)";
				CODE_SIGN_STYLE = Automatic;
				CURRENT_PROJECT_VERSION = 1;
				DEVELOPMENT_TEAM = JGG8YW8SJU;
				GENERATE_INFOPLIST_FILE = YES;
				IPHONEOS_DEPLOYMENT_TARGET = 16.1;
				MARKETING_VERSION = 1.0;
				PRODUCT_BUNDLE_IDENTIFIER = "Adriel.BookStore-AdrielFreireTests";
				PRODUCT_NAME = "$(TARGET_NAME)";
				SWIFT_EMIT_LOC_STRINGS = NO;
				SWIFT_VERSION = 5.0;
				TARGETED_DEVICE_FAMILY = "1,2";
				TEST_HOST = "$(BUILT_PRODUCTS_DIR)/BookStore_AdrielFreire.app/$(BUNDLE_EXECUTABLE_FOLDER_PATH)/BookStore_AdrielFreire";
			};
			name = Release;
		};
		FCEA91B42921ACE90079463F /* Debug */ = {
			isa = XCBuildConfiguration;
			buildSettings = {
				ALWAYS_EMBED_SWIFT_STANDARD_LIBRARIES = YES;
				CODE_SIGN_STYLE = Automatic;
				CURRENT_PROJECT_VERSION = 1;
				DEVELOPMENT_TEAM = JGG8YW8SJU;
				GENERATE_INFOPLIST_FILE = YES;
				MARKETING_VERSION = 1.0;
				PRODUCT_BUNDLE_IDENTIFIER = "Adriel.BookStore-AdrielFreireUITests";
				PRODUCT_NAME = "$(TARGET_NAME)";
				SWIFT_EMIT_LOC_STRINGS = NO;
				SWIFT_VERSION = 5.0;
				TARGETED_DEVICE_FAMILY = "1,2";
				TEST_TARGET_NAME = BookStore_AdrielFreire;
			};
			name = Debug;
		};
		FCEA91B52921ACE90079463F /* Release */ = {
			isa = XCBuildConfiguration;
			buildSettings = {
				ALWAYS_EMBED_SWIFT_STANDARD_LIBRARIES = YES;
				CODE_SIGN_STYLE = Automatic;
				CURRENT_PROJECT_VERSION = 1;
				DEVELOPMENT_TEAM = JGG8YW8SJU;
				GENERATE_INFOPLIST_FILE = YES;
				MARKETING_VERSION = 1.0;
				PRODUCT_BUNDLE_IDENTIFIER = "Adriel.BookStore-AdrielFreireUITests";
				PRODUCT_NAME = "$(TARGET_NAME)";
				SWIFT_EMIT_LOC_STRINGS = NO;
				SWIFT_VERSION = 5.0;
				TARGETED_DEVICE_FAMILY = "1,2";
				TEST_TARGET_NAME = BookStore_AdrielFreire;
			};
			name = Release;
		};
/* End XCBuildConfiguration section */

/* Begin XCConfigurationList section */
		FCEA917E2921ACDF0079463F /* Build configuration list for PBXProject "BookStore_AdrielFreire" */ = {
			isa = XCConfigurationList;
			buildConfigurations = (
				FCEA91AB2921ACE90079463F /* Debug */,
				FCEA91AC2921ACE90079463F /* Release */,
			);
			defaultConfigurationIsVisible = 0;
			defaultConfigurationName = Release;
		};
		FCEA91AD2921ACE90079463F /* Build configuration list for PBXNativeTarget "BookStore_AdrielFreire" */ = {
			isa = XCConfigurationList;
			buildConfigurations = (
				FCEA91AE2921ACE90079463F /* Debug */,
				FCEA91AF2921ACE90079463F /* Release */,
			);
			defaultConfigurationIsVisible = 0;
			defaultConfigurationName = Release;
		};
		FCEA91B02921ACE90079463F /* Build configuration list for PBXNativeTarget "BookStore_AdrielFreireTests" */ = {
			isa = XCConfigurationList;
			buildConfigurations = (
				FCEA91B12921ACE90079463F /* Debug */,
				FCEA91B22921ACE90079463F /* Release */,
			);
			defaultConfigurationIsVisible = 0;
			defaultConfigurationName = Release;
		};
		FCEA91B32921ACE90079463F /* Build configuration list for PBXNativeTarget "BookStore_AdrielFreireUITests" */ = {
			isa = XCConfigurationList;
			buildConfigurations = (
				FCEA91B42921ACE90079463F /* Debug */,
				FCEA91B52921ACE90079463F /* Release */,
			);
			defaultConfigurationIsVisible = 0;
			defaultConfigurationName = Release;
		};
/* End XCConfigurationList section */

/* Begin XCRemoteSwiftPackageReference section */
		FCEA91E429231CE10079463F /* XCRemoteSwiftPackageReference "Kingfisher" */ = {
			isa = XCRemoteSwiftPackageReference;
			repositoryURL = "https://github.com/onevcat/Kingfisher.git";
			requirement = {
				kind = upToNextMajorVersion;
				minimumVersion = 7.0.0;
			};
		};
/* End XCRemoteSwiftPackageReference section */

/* Begin XCSwiftPackageProductDependency section */
		FCEA91E529231CE20079463F /* Kingfisher */ = {
			isa = XCSwiftPackageProductDependency;
			package = FCEA91E429231CE10079463F /* XCRemoteSwiftPackageReference "Kingfisher" */;
			productName = Kingfisher;
		};
/* End XCSwiftPackageProductDependency section */
	};
	rootObject = FCEA917B2921ACDF0079463F /* Project object */;
}
